
Microsoft Visual Studio Solution File, Format Version 12.00
# Visual Studio Version 17
VisualStudioVersion = 17.1.32421.90
MinimumVisualStudioVersion = 10.0.40219.1
Project("{2150E333-8FDC-42A3-9474-1A3956D46DE8}") = "Solution Items", "Solution Items", "{CCB6DDEF-23C9-4729-9886-E49FEDC36C44}"
	ProjectSection(SolutionItems) = preProject
		Dockerfile = Dockerfile
	EndProjectSection
EndProject
Project("{2150E333-8FDC-42A3-9474-1A3956D46DE8}") = "Domain", "Domain", "{9B29EE4A-8FC3-44F9-808A-BEBFFD598911}"
EndProject
Project("{2150E333-8FDC-42A3-9474-1A3956D46DE8}") = "Application", "Application", "{114A7F69-FB8F-451F-9AEC-6F849924D062}"
EndProject
Project("{2150E333-8FDC-42A3-9474-1A3956D46DE8}") = "Infrastructure", "Infrastructure", "{450DAD9F-B161-49C7-A07A-594D090852CD}"
EndProject
Project("{9A19103F-16F7-4668-BE54-9A1E7A4F7556}") = "ReconNessAgent.Domain.Core", "Domain\ReconNessAgent.Domain.Core\ReconNessAgent.Domain.Core.csproj", "{862A414C-E489-440B-9FEA-74F7C83BDFED}"
EndProject
Project("{9A19103F-16F7-4668-BE54-9A1E7A4F7556}") = "ReconNessAgent.Application", "Application\ReconNessAgent.Application\ReconNessAgent.Application.csproj", "{8C1EBBC5-BF72-4F56-9083-C3CC5F20A6D5}"
EndProject
Project("{9A19103F-16F7-4668-BE54-9A1E7A4F7556}") = "ReconNessAgent.Infrastructure", "Infrastructure\ReconNessAgent.Infrastructure\ReconNessAgent.Infrastructure.csproj", "{BDF3720D-C071-4260-AE01-663441036213}"
EndProject
Project("{9A19103F-16F7-4668-BE54-9A1E7A4F7556}") = "ReconNessAgent.Infrastructure.Data.Dapper", "Infrastructure\ReconNessAgent.Infrastructure.Data.Dapper\ReconNessAgent.Infrastructure.Data.Dapper.csproj", "{D1B2979D-009F-4DCB-A7F5-88ECCBF29175}"
EndProject
Project("{9A19103F-16F7-4668-BE54-9A1E7A4F7556}") = "ReconNessAgent.Infrastructure.PubSub", "Infrastructure\ReconNessAgent.Infrastructure.PubSub\ReconNessAgent.Infrastructure.PubSub.csproj", "{4E74F2B2-9F80-4988-BD69-C87F5550D306}"
EndProject
Project("{9A19103F-16F7-4668-BE54-9A1E7A4F7556}") = "ReconNessAgent.Infrastructure.Worker", "Infrastructure\ReconNessAgent.Infrastructure.Worker\ReconNessAgent.Infrastructure.Worker.csproj", "{D7FAC598-6F34-4A0B-A2EA-F40AFEE7FFA3}"
EndProject
Project("{9A19103F-16F7-4668-BE54-9A1E7A4F7556}") = "ReconNessAgent.Application.Services", "Application\ReconNessAgent.Application.Services\ReconNessAgent.Application.Services.csproj", "{6240AD87-0180-4219-BF59-2D206B226F4F}"
EndProject
Global
	GlobalSection(SolutionConfigurationPlatforms) = preSolution
		Debug|Any CPU = Debug|Any CPU
		Release|Any CPU = Release|Any CPU
	EndGlobalSection
	GlobalSection(ProjectConfigurationPlatforms) = postSolution
		{862A414C-E489-440B-9FEA-74F7C83BDFED}.Debug|Any CPU.ActiveCfg = Debug|Any CPU
		{862A414C-E489-440B-9FEA-74F7C83BDFED}.Debug|Any CPU.Build.0 = Debug|Any CPU
		{862A414C-E489-440B-9FEA-74F7C83BDFED}.Release|Any CPU.ActiveCfg = Release|Any CPU
		{862A414C-E489-440B-9FEA-74F7C83BDFED}.Release|Any CPU.Build.0 = Release|Any CPU
		{8C1EBBC5-BF72-4F56-9083-C3CC5F20A6D5}.Debug|Any CPU.ActiveCfg = Debug|Any CPU
		{8C1EBBC5-BF72-4F56-9083-C3CC5F20A6D5}.Debug|Any CPU.Build.0 = Debug|Any CPU
		{8C1EBBC5-BF72-4F56-9083-C3CC5F20A6D5}.Release|Any CPU.ActiveCfg = Release|Any CPU
		{8C1EBBC5-BF72-4F56-9083-C3CC5F20A6D5}.Release|Any CPU.Build.0 = Release|Any CPU
		{BDF3720D-C071-4260-AE01-663441036213}.Debug|Any CPU.ActiveCfg = Debug|Any CPU
		{BDF3720D-C071-4260-AE01-663441036213}.Debug|Any CPU.Build.0 = Debug|Any CPU
		{BDF3720D-C071-4260-AE01-663441036213}.Release|Any CPU.ActiveCfg = Release|Any CPU
		{BDF3720D-C071-4260-AE01-663441036213}.Release|Any CPU.Build.0 = Release|Any CPU
		{D1B2979D-009F-4DCB-A7F5-88ECCBF29175}.Debug|Any CPU.ActiveCfg = Debug|Any CPU
		{D1B2979D-009F-4DCB-A7F5-88ECCBF29175}.Debug|Any CPU.Build.0 = Debug|Any CPU
		{D1B2979D-009F-4DCB-A7F5-88ECCBF29175}.Release|Any CPU.ActiveCfg = Release|Any CPU
		{D1B2979D-009F-4DCB-A7F5-88ECCBF29175}.Release|Any CPU.Build.0 = Release|Any CPU
		{4E74F2B2-9F80-4988-BD69-C87F5550D306}.Debug|Any CPU.ActiveCfg = Debug|Any CPU
		{4E74F2B2-9F80-4988-BD69-C87F5550D306}.Debug|Any CPU.Build.0 = Debug|Any CPU
		{4E74F2B2-9F80-4988-BD69-C87F5550D306}.Release|Any CPU.ActiveCfg = Release|Any CPU
		{4E74F2B2-9F80-4988-BD69-C87F5550D306}.Release|Any CPU.Build.0 = Release|Any CPU
		{D7FAC598-6F34-4A0B-A2EA-F40AFEE7FFA3}.Debug|Any CPU.ActiveCfg = Debug|Any CPU
		{D7FAC598-6F34-4A0B-A2EA-F40AFEE7FFA3}.Debug|Any CPU.Build.0 = Debug|Any CPU
		{D7FAC598-6F34-4A0B-A2EA-F40AFEE7FFA3}.Release|Any CPU.ActiveCfg = Release|Any CPU
		{D7FAC598-6F34-4A0B-A2EA-F40AFEE7FFA3}.Release|Any CPU.Build.0 = Release|Any CPU
		{6240AD87-0180-4219-BF59-2D206B226F4F}.Debug|Any CPU.ActiveCfg = Debug|Any CPU
		{6240AD87-0180-4219-BF59-2D206B226F4F}.Debug|Any CPU.Build.0 = Debug|Any CPU
		{6240AD87-0180-4219-BF59-2D206B226F4F}.Release|Any CPU.ActiveCfg = Release|Any CPU
		{6240AD87-0180-4219-BF59-2D206B226F4F}.Release|Any CPU.Build.0 = Release|Any CPU
	EndGlobalSection
	GlobalSection(SolutionProperties) = preSolution
		HideSolutionNode = FALSE
	EndGlobalSection
	GlobalSection(NestedProjects) = preSolution
		{862A414C-E489-440B-9FEA-74F7C83BDFED} = {9B29EE4A-8FC3-44F9-808A-BEBFFD598911}
		{8C1EBBC5-BF72-4F56-9083-C3CC5F20A6D5} = {114A7F69-FB8F-451F-9AEC-6F849924D062}
		{BDF3720D-C071-4260-AE01-663441036213} = {450DAD9F-B161-49C7-A07A-594D090852CD}
		{D1B2979D-009F-4DCB-A7F5-88ECCBF29175} = {450DAD9F-B161-49C7-A07A-594D090852CD}
		{4E74F2B2-9F80-4988-BD69-C87F5550D306} = {450DAD9F-B161-49C7-A07A-594D090852CD}
		{D7FAC598-6F34-4A0B-A2EA-F40AFEE7FFA3} = {450DAD9F-B161-49C7-A07A-594D090852CD}
		{6240AD87-0180-4219-BF59-2D206B226F4F} = {114A7F69-FB8F-451F-9AEC-6F849924D062}
	EndGlobalSection
	GlobalSection(ExtensibilityGlobals) = postSolution
		SolutionGuid = {31641696-15E4-49C4-9239-23242447B790}
	EndGlobalSection
EndGlobal
