
Microsoft Visual Studio Solution File, Format Version 12.00
# Visual Studio Version 16
VisualStudioVersion = 16.0.32228.343
MinimumVisualStudioVersion = 10.0.40219.1
Project("{FAE04EC0-301F-11D3-BF4B-00C04F79EFBC}") = "ReconNessAgent.Worker", "ReconNessAgent.Worker\ReconNessAgent.Worker.csproj", "{1DC65831-8E23-4780-9314-EFCBEA9325D9}"
EndProject
Global
	GlobalSection(SolutionConfigurationPlatforms) = preSolution
		Debug|Any CPU = Debug|Any CPU
		Release|Any CPU = Release|Any CPU
	EndGlobalSection
	GlobalSection(ProjectConfigurationPlatforms) = postSolution
		{1DC65831-8E23-4780-9314-EFCBEA9325D9}.Debug|Any CPU.ActiveCfg = Debug|Any CPU
		{1DC65831-8E23-4780-9314-EFCBEA9325D9}.Debug|Any CPU.Build.0 = Debug|Any CPU
		{1DC65831-8E23-4780-9314-EFCBEA9325D9}.Release|Any CPU.ActiveCfg = Release|Any CPU
		{1DC65831-8E23-4780-9314-EFCBEA9325D9}.Release|Any CPU.Build.0 = Release|Any CPU
	EndGlobalSection
	GlobalSection(SolutionProperties) = preSolution
		HideSolutionNode = FALSE
	EndGlobalSection
	GlobalSection(ExtensibilityGlobals) = postSolution
		SolutionGuid = {31641696-15E4-49C4-9239-23242447B790}
	EndGlobalSection
EndGlobal
