
Microsoft Visual Studio Solution File, Format Version 12.00
# Visual Studio Version 17
VisualStudioVersion = 17.1.32421.90
MinimumVisualStudioVersion = 10.0.40219.1
Project("{2150E333-8FDC-42A3-9474-1A3956D46DE8}") = "Solution Items", "Solution Items", "{CCB6DDEF-23C9-4729-9886-E49FEDC36C44}"
	ProjectSection(SolutionItems) = preProject
		Dockerfile = Dockerfile
	EndProjectSection
EndProject
Project("{2150E333-8FDC-42A3-9474-1A3956D46DE8}") = "Domain", "Domain", "{9B29EE4A-8FC3-44F9-808A-BEBFFD598911}"
EndProject
Project("{2150E333-8FDC-42A3-9474-1A3956D46DE8}") = "Application", "Application", "{114A7F69-FB8F-451F-9AEC-6F849924D062}"
EndProject
Project("{2150E333-8FDC-42A3-9474-1A3956D46DE8}") = "Infrestructure", "Infrestructure", "{450DAD9F-B161-49C7-A07A-594D090852CD}"
EndProject
Project("{9A19103F-16F7-4668-BE54-9A1E7A4F7556}") = "ReconNessAgent.Domain.Core", "Domain\ReconNessAgent.Domain.Core\ReconNessAgent.Domain.Core.csproj", "{862A414C-E489-440B-9FEA-74F7C83BDFED}"
EndProject
Project("{9A19103F-16F7-4668-BE54-9A1E7A4F7556}") = "ReconNessAgent.Application", "Application\ReconNessAgent.Application\ReconNessAgent.Application.csproj", "{8C1EBBC5-BF72-4F56-9083-C3CC5F20A6D5}"
EndProject
Project("{9A19103F-16F7-4668-BE54-9A1E7A4F7556}") = "ReconNessAgent.Data.Dapper", "Infrestructure\ReconNessAgent.Data.Dapper\ReconNessAgent.Data.Dapper.csproj", "{0D0C1FD1-10F2-47B0-9188-57CC991638CD}"
EndProject
Project("{9A19103F-16F7-4668-BE54-9A1E7A4F7556}") = "ReconNessAgent.Worker", "Infrestructure\ReconNessAgent.Worker\ReconNessAgent.Worker.csproj", "{4E982C59-A94E-426F-914B-3E42E56EC0C3}"
EndProject
Project("{FAE04EC0-301F-11D3-BF4B-00C04F79EFBC}") = "ReconNessAgent.PubSub", "Infrestructure\ReconNessAgent.PubSub\ReconNessAgent.PubSub.csproj", "{B5849207-2786-4E4D-8C2B-A453F04F7026}"
EndProject
Global
	GlobalSection(SolutionConfigurationPlatforms) = preSolution
		Debug|Any CPU = Debug|Any CPU
		Release|Any CPU = Release|Any CPU
	EndGlobalSection
	GlobalSection(ProjectConfigurationPlatforms) = postSolution
		{862A414C-E489-440B-9FEA-74F7C83BDFED}.Debug|Any CPU.ActiveCfg = Debug|Any CPU
		{862A414C-E489-440B-9FEA-74F7C83BDFED}.Debug|Any CPU.Build.0 = Debug|Any CPU
		{862A414C-E489-440B-9FEA-74F7C83BDFED}.Release|Any CPU.ActiveCfg = Release|Any CPU
		{862A414C-E489-440B-9FEA-74F7C83BDFED}.Release|Any CPU.Build.0 = Release|Any CPU
		{8C1EBBC5-BF72-4F56-9083-C3CC5F20A6D5}.Debug|Any CPU.ActiveCfg = Debug|Any CPU
		{8C1EBBC5-BF72-4F56-9083-C3CC5F20A6D5}.Debug|Any CPU.Build.0 = Debug|Any CPU
		{8C1EBBC5-BF72-4F56-9083-C3CC5F20A6D5}.Release|Any CPU.ActiveCfg = Release|Any CPU
		{8C1EBBC5-BF72-4F56-9083-C3CC5F20A6D5}.Release|Any CPU.Build.0 = Release|Any CPU
		{0D0C1FD1-10F2-47B0-9188-57CC991638CD}.Debug|Any CPU.ActiveCfg = Debug|Any CPU
		{0D0C1FD1-10F2-47B0-9188-57CC991638CD}.Debug|Any CPU.Build.0 = Debug|Any CPU
		{0D0C1FD1-10F2-47B0-9188-57CC991638CD}.Release|Any CPU.ActiveCfg = Release|Any CPU
		{0D0C1FD1-10F2-47B0-9188-57CC991638CD}.Release|Any CPU.Build.0 = Release|Any CPU
		{4E982C59-A94E-426F-914B-3E42E56EC0C3}.Debug|Any CPU.ActiveCfg = Debug|Any CPU
		{4E982C59-A94E-426F-914B-3E42E56EC0C3}.Debug|Any CPU.Build.0 = Debug|Any CPU
		{4E982C59-A94E-426F-914B-3E42E56EC0C3}.Release|Any CPU.ActiveCfg = Release|Any CPU
		{4E982C59-A94E-426F-914B-3E42E56EC0C3}.Release|Any CPU.Build.0 = Release|Any CPU
		{B5849207-2786-4E4D-8C2B-A453F04F7026}.Debug|Any CPU.ActiveCfg = Debug|Any CPU
		{B5849207-2786-4E4D-8C2B-A453F04F7026}.Debug|Any CPU.Build.0 = Debug|Any CPU
		{B5849207-2786-4E4D-8C2B-A453F04F7026}.Release|Any CPU.ActiveCfg = Release|Any CPU
		{B5849207-2786-4E4D-8C2B-A453F04F7026}.Release|Any CPU.Build.0 = Release|Any CPU
	EndGlobalSection
	GlobalSection(SolutionProperties) = preSolution
		HideSolutionNode = FALSE
	EndGlobalSection
	GlobalSection(NestedProjects) = preSolution
		{862A414C-E489-440B-9FEA-74F7C83BDFED} = {9B29EE4A-8FC3-44F9-808A-BEBFFD598911}
		{8C1EBBC5-BF72-4F56-9083-C3CC5F20A6D5} = {114A7F69-FB8F-451F-9AEC-6F849924D062}
		{0D0C1FD1-10F2-47B0-9188-57CC991638CD} = {450DAD9F-B161-49C7-A07A-594D090852CD}
		{4E982C59-A94E-426F-914B-3E42E56EC0C3} = {450DAD9F-B161-49C7-A07A-594D090852CD}
		{B5849207-2786-4E4D-8C2B-A453F04F7026} = {450DAD9F-B161-49C7-A07A-594D090852CD}
	EndGlobalSection
	GlobalSection(ExtensibilityGlobals) = postSolution
		SolutionGuid = {31641696-15E4-49C4-9239-23242447B790}
	EndGlobalSection
EndGlobal
